
Microsoft Visual Studio Solution File, Format Version 12.00
# Visual Studio Version 16
VisualStudioVersion = 16.0.30114.105
MinimumVisualStudioVersion = 10.0.40219.1
Project("{FAE04EC0-301F-11D3-BF4B-00C04F79EFBC}") = "Software_Development_Capstone", "Software_Development_Capstone.csproj", "{B420FEEF-69E2-4EA9-9242-04FE1A656B62}"
	ProjectSection(ProjectDependencies) = postProject
		{43189F09-7992-4C69-8BEE-6A7A17EF1C4D} = {43189F09-7992-4C69-8BEE-6A7A17EF1C4D}
		{0098F740-CC8E-48A6-80CA-76DEAE794CFB} = {0098F740-CC8E-48A6-80CA-76DEAE794CFB}
	EndProjectSection
EndProject
Project("{FAE04EC0-301F-11D3-BF4B-00C04F79EFBC}") = "Backend_DB", "Backend_DB\Backend_DB.csproj", "{0098F740-CC8E-48A6-80CA-76DEAE794CFB}"
EndProject
Project("{FAE04EC0-301F-11D3-BF4B-00C04F79EFBC}") = "Backend_Logic", "Backend_Logic\Backend_Logic.csproj", "{43189F09-7992-4C69-8BEE-6A7A17EF1C4D}"
EndProject
Project("{54435603-DBB4-11D2-8724-00A0C9A8B90C}") = "MC2Pilates", "..\Installer\Installer.vdproj", "{7834044E-56A7-430C-ADE4-FE324002B95D}"
EndProject
Global
	GlobalSection(SolutionConfigurationPlatforms) = preSolution
		Debug|Any CPU = Debug|Any CPU
		Debug|ARM = Debug|ARM
		Debug|ARM64 = Debug|ARM64
		Debug|x64 = Debug|x64
		Debug|x86 = Debug|x86
		Release|Any CPU = Release|Any CPU
		Release|ARM = Release|ARM
		Release|ARM64 = Release|ARM64
		Release|x64 = Release|x64
		Release|x86 = Release|x86
	EndGlobalSection
	GlobalSection(ProjectConfigurationPlatforms) = postSolution
		{B420FEEF-69E2-4EA9-9242-04FE1A656B62}.Debug|Any CPU.ActiveCfg = Debug|Any CPU
		{B420FEEF-69E2-4EA9-9242-04FE1A656B62}.Debug|Any CPU.Build.0 = Debug|Any CPU
		{B420FEEF-69E2-4EA9-9242-04FE1A656B62}.Debug|ARM.ActiveCfg = Debug|Any CPU
		{B420FEEF-69E2-4EA9-9242-04FE1A656B62}.Debug|ARM.Build.0 = Debug|Any CPU
		{B420FEEF-69E2-4EA9-9242-04FE1A656B62}.Debug|ARM64.ActiveCfg = Debug|Any CPU
		{B420FEEF-69E2-4EA9-9242-04FE1A656B62}.Debug|ARM64.Build.0 = Debug|Any CPU
		{B420FEEF-69E2-4EA9-9242-04FE1A656B62}.Debug|x64.ActiveCfg = Debug|Any CPU
		{B420FEEF-69E2-4EA9-9242-04FE1A656B62}.Debug|x64.Build.0 = Debug|Any CPU
		{B420FEEF-69E2-4EA9-9242-04FE1A656B62}.Debug|x86.ActiveCfg = Debug|Any CPU
		{B420FEEF-69E2-4EA9-9242-04FE1A656B62}.Debug|x86.Build.0 = Debug|Any CPU
		{B420FEEF-69E2-4EA9-9242-04FE1A656B62}.Release|Any CPU.ActiveCfg = Release|Any CPU
		{B420FEEF-69E2-4EA9-9242-04FE1A656B62}.Release|Any CPU.Build.0 = Release|Any CPU
		{B420FEEF-69E2-4EA9-9242-04FE1A656B62}.Release|ARM.ActiveCfg = Release|Any CPU
		{B420FEEF-69E2-4EA9-9242-04FE1A656B62}.Release|ARM.Build.0 = Release|Any CPU
		{B420FEEF-69E2-4EA9-9242-04FE1A656B62}.Release|ARM64.ActiveCfg = Release|Any CPU
		{B420FEEF-69E2-4EA9-9242-04FE1A656B62}.Release|ARM64.Build.0 = Release|Any CPU
		{B420FEEF-69E2-4EA9-9242-04FE1A656B62}.Release|x64.ActiveCfg = Release|Any CPU
		{B420FEEF-69E2-4EA9-9242-04FE1A656B62}.Release|x64.Build.0 = Release|Any CPU
		{B420FEEF-69E2-4EA9-9242-04FE1A656B62}.Release|x86.ActiveCfg = Release|Any CPU
		{B420FEEF-69E2-4EA9-9242-04FE1A656B62}.Release|x86.Build.0 = Release|Any CPU
		{0098F740-CC8E-48A6-80CA-76DEAE794CFB}.Debug|Any CPU.ActiveCfg = Debug|Any CPU
		{0098F740-CC8E-48A6-80CA-76DEAE794CFB}.Debug|Any CPU.Build.0 = Debug|Any CPU
		{0098F740-CC8E-48A6-80CA-76DEAE794CFB}.Debug|ARM.ActiveCfg = Debug|Any CPU
		{0098F740-CC8E-48A6-80CA-76DEAE794CFB}.Debug|ARM.Build.0 = Debug|Any CPU
		{0098F740-CC8E-48A6-80CA-76DEAE794CFB}.Debug|ARM64.ActiveCfg = Debug|Any CPU
		{0098F740-CC8E-48A6-80CA-76DEAE794CFB}.Debug|ARM64.Build.0 = Debug|Any CPU
		{0098F740-CC8E-48A6-80CA-76DEAE794CFB}.Debug|x64.ActiveCfg = Debug|Any CPU
		{0098F740-CC8E-48A6-80CA-76DEAE794CFB}.Debug|x64.Build.0 = Debug|Any CPU
		{0098F740-CC8E-48A6-80CA-76DEAE794CFB}.Debug|x86.ActiveCfg = Debug|Any CPU
		{0098F740-CC8E-48A6-80CA-76DEAE794CFB}.Debug|x86.Build.0 = Debug|Any CPU
		{0098F740-CC8E-48A6-80CA-76DEAE794CFB}.Release|Any CPU.ActiveCfg = Release|Any CPU
		{0098F740-CC8E-48A6-80CA-76DEAE794CFB}.Release|Any CPU.Build.0 = Release|Any CPU
		{0098F740-CC8E-48A6-80CA-76DEAE794CFB}.Release|ARM.ActiveCfg = Release|Any CPU
		{0098F740-CC8E-48A6-80CA-76DEAE794CFB}.Release|ARM.Build.0 = Release|Any CPU
		{0098F740-CC8E-48A6-80CA-76DEAE794CFB}.Release|ARM64.ActiveCfg = Release|Any CPU
		{0098F740-CC8E-48A6-80CA-76DEAE794CFB}.Release|ARM64.Build.0 = Release|Any CPU
		{0098F740-CC8E-48A6-80CA-76DEAE794CFB}.Release|x64.ActiveCfg = Release|Any CPU
		{0098F740-CC8E-48A6-80CA-76DEAE794CFB}.Release|x64.Build.0 = Release|Any CPU
		{0098F740-CC8E-48A6-80CA-76DEAE794CFB}.Release|x86.ActiveCfg = Release|Any CPU
		{0098F740-CC8E-48A6-80CA-76DEAE794CFB}.Release|x86.Build.0 = Release|Any CPU
		{43189F09-7992-4C69-8BEE-6A7A17EF1C4D}.Debug|Any CPU.ActiveCfg = Debug|Any CPU
		{43189F09-7992-4C69-8BEE-6A7A17EF1C4D}.Debug|Any CPU.Build.0 = Debug|Any CPU
		{43189F09-7992-4C69-8BEE-6A7A17EF1C4D}.Debug|ARM.ActiveCfg = Debug|Any CPU
		{43189F09-7992-4C69-8BEE-6A7A17EF1C4D}.Debug|ARM.Build.0 = Debug|Any CPU
		{43189F09-7992-4C69-8BEE-6A7A17EF1C4D}.Debug|ARM64.ActiveCfg = Debug|Any CPU
		{43189F09-7992-4C69-8BEE-6A7A17EF1C4D}.Debug|ARM64.Build.0 = Debug|Any CPU
		{43189F09-7992-4C69-8BEE-6A7A17EF1C4D}.Debug|x64.ActiveCfg = Debug|Any CPU
		{43189F09-7992-4C69-8BEE-6A7A17EF1C4D}.Debug|x64.Build.0 = Debug|Any CPU
		{43189F09-7992-4C69-8BEE-6A7A17EF1C4D}.Debug|x86.ActiveCfg = Debug|Any CPU
		{43189F09-7992-4C69-8BEE-6A7A17EF1C4D}.Debug|x86.Build.0 = Debug|Any CPU
		{43189F09-7992-4C69-8BEE-6A7A17EF1C4D}.Release|Any CPU.ActiveCfg = Release|Any CPU
		{43189F09-7992-4C69-8BEE-6A7A17EF1C4D}.Release|Any CPU.Build.0 = Release|Any CPU
		{43189F09-7992-4C69-8BEE-6A7A17EF1C4D}.Release|ARM.ActiveCfg = Release|Any CPU
		{43189F09-7992-4C69-8BEE-6A7A17EF1C4D}.Release|ARM.Build.0 = Release|Any CPU
		{43189F09-7992-4C69-8BEE-6A7A17EF1C4D}.Release|ARM64.ActiveCfg = Release|Any CPU
		{43189F09-7992-4C69-8BEE-6A7A17EF1C4D}.Release|ARM64.Build.0 = Release|Any CPU
		{43189F09-7992-4C69-8BEE-6A7A17EF1C4D}.Release|x64.ActiveCfg = Release|Any CPU
		{43189F09-7992-4C69-8BEE-6A7A17EF1C4D}.Release|x64.Build.0 = Release|Any CPU
		{43189F09-7992-4C69-8BEE-6A7A17EF1C4D}.Release|x86.ActiveCfg = Release|Any CPU
		{43189F09-7992-4C69-8BEE-6A7A17EF1C4D}.Release|x86.Build.0 = Release|Any CPU
		{7834044E-56A7-430C-ADE4-FE324002B95D}.Debug|Any CPU.ActiveCfg = Debug
		{7834044E-56A7-430C-ADE4-FE324002B95D}.Debug|ARM.ActiveCfg = Debug
		{7834044E-56A7-430C-ADE4-FE324002B95D}.Debug|ARM64.ActiveCfg = Debug
		{7834044E-56A7-430C-ADE4-FE324002B95D}.Debug|x64.ActiveCfg = Debug
		{7834044E-56A7-430C-ADE4-FE324002B95D}.Debug|x86.ActiveCfg = Debug
		{7834044E-56A7-430C-ADE4-FE324002B95D}.Release|Any CPU.ActiveCfg = Release
		{7834044E-56A7-430C-ADE4-FE324002B95D}.Release|ARM.ActiveCfg = Release
		{7834044E-56A7-430C-ADE4-FE324002B95D}.Release|ARM64.ActiveCfg = Release
		{7834044E-56A7-430C-ADE4-FE324002B95D}.Release|x64.ActiveCfg = Release
		{7834044E-56A7-430C-ADE4-FE324002B95D}.Release|x64.Build.0 = Release
		{7834044E-56A7-430C-ADE4-FE324002B95D}.Release|x86.ActiveCfg = Release
	EndGlobalSection
	GlobalSection(SolutionProperties) = preSolution
		HideSolutionNode = FALSE
	EndGlobalSection
	GlobalSection(ExtensibilityGlobals) = postSolution
		SolutionGuid = {810A9F9A-8C20-4DCE-A883-1114BC66AE08}
	EndGlobalSection
EndGlobal
